{
  "requires": true,
  "lockfileVersion": 1,
  "dependencies": {
    "@types/node": {
      "version": "16.4.7",
      "resolved": "https://registry.nlark.com/@types/node/download/@types/node-16.4.7.tgz?cache=0&sync_timestamp=1627563815571&other_urls=https%3A%2F%2Fregistry.nlark.com%2F%40types%2Fnode%2Fdownload%2F%40types%2Fnode-16.4.7.tgz",
      "integrity": "sha1-96+nh2nUtHf1CS18NGji6GU9d5w="
    }
  }
}
